
Microsoft Visual Studio Solution File, Format Version 12.00
# Visual Studio Version 16
VisualStudioVersion = 16.0.30517.126
MinimumVisualStudioVersion = 10.0.40219.1
Project("{8BC9CEB8-8B4A-11D0-8D11-00A0C91BC942}") = "улучшенная картошка", "улучшенная картошка.vcxproj", "{6D07B671-1B54-4CB3-B883-8608F607452A}"
EndProject
Global
	GlobalSection(SolutionConfigurationPlatforms) = preSolution
		Debug|x64 = Debug|x64
		Debug|x86 = Debug|x86
		Release|x64 = Release|x64
		Release|x86 = Release|x86
	EndGlobalSection
	GlobalSection(ProjectConfigurationPlatforms) = postSolution
		{6D07B671-1B54-4CB3-B883-8608F607452A}.Debug|x64.ActiveCfg = Debug|x64
		{6D07B671-1B54-4CB3-B883-8608F607452A}.Debug|x64.Build.0 = Debug|x64
		{6D07B671-1B54-4CB3-B883-8608F607452A}.Debug|x86.ActiveCfg = Debug|Win32
		{6D07B671-1B54-4CB3-B883-8608F607452A}.Debug|x86.Build.0 = Debug|Win32
		{6D07B671-1B54-4CB3-B883-8608F607452A}.Release|x64.ActiveCfg = Release|x64
		{6D07B671-1B54-4CB3-B883-8608F607452A}.Release|x64.Build.0 = Release|x64
		{6D07B671-1B54-4CB3-B883-8608F607452A}.Release|x86.ActiveCfg = Release|Win32
		{6D07B671-1B54-4CB3-B883-8608F607452A}.Release|x86.Build.0 = Release|Win32
	EndGlobalSection
	GlobalSection(SolutionProperties) = preSolution
		HideSolutionNode = FALSE
	EndGlobalSection
	GlobalSection(ExtensibilityGlobals) = postSolution
		SolutionGuid = {F74E3F7B-8943-47E6-B8C4-3016BA5AD146}
	EndGlobalSection
EndGlobal
